
Microsoft Visual Studio Solution File, Format Version 12.00
# Visual Studio Version 17
VisualStudioVersion = 17.11.35222.181
MinimumVisualStudioVersion = 10.0.40219.1
Project("{FAE04EC0-301F-11D3-BF4B-00C04F79EFBC}") = "Modul7", "Modul7\Modul7.csproj", "{DE665243-B6C2-41DF-836D-245E57A6F605}"
EndProject
Global
	GlobalSection(SolutionConfigurationPlatforms) = preSolution
		Debug|Any CPU = Debug|Any CPU
		Release|Any CPU = Release|Any CPU
	EndGlobalSection
	GlobalSection(ProjectConfigurationPlatforms) = postSolution
		{DE665243-B6C2-41DF-836D-245E57A6F605}.Debug|Any CPU.ActiveCfg = Debug|Any CPU
		{DE665243-B6C2-41DF-836D-245E57A6F605}.Debug|Any CPU.Build.0 = Debug|Any CPU
		{DE665243-B6C2-41DF-836D-245E57A6F605}.Release|Any CPU.ActiveCfg = Release|Any CPU
		{DE665243-B6C2-41DF-836D-245E57A6F605}.Release|Any CPU.Build.0 = Release|Any CPU
	EndGlobalSection
	GlobalSection(SolutionProperties) = preSolution
		HideSolutionNode = FALSE
	EndGlobalSection
	GlobalSection(ExtensibilityGlobals) = postSolution
		SolutionGuid = {32138E37-9BE6-48E2-AB96-009BD073369C}
	EndGlobalSection
EndGlobal
